
Microsoft Visual Studio Solution File, Format Version 12.00
# Visual Studio 15
VisualStudioVersion = 15.0.28307.421
MinimumVisualStudioVersion = 10.0.40219.1
Project("{FAE04EC0-301F-11D3-BF4B-00C04F79EFBC}") = "GeoRegistrarExample", "GeoRegistrarExample\GeoRegistrarExample.csproj", "{07FDFF44-155B-44F2-A709-2B9BCAD762FE}"
EndProject
Project("{D954291E-2A0B-460D-934E-DC6B0785DB48}") = "GeoViewRegistrar.Shared", "GeoViewRegistrar.Shared\GeoViewRegistrar.Shared.shproj", "{B47E5139-2DF4-42C8-93F9-DA8301B8F9A1}"
EndProject
Project("{FAE04EC0-301F-11D3-BF4B-00C04F79EFBC}") = "GeoViewRegistrar.Uwp", "GeoViewRegistrar.Uwp\GeoViewRegistrar.Uwp.csproj", "{5498F00E-2C69-4C2A-A545-A7FDA794B2D3}"
EndProject
Global
	GlobalSection(SharedMSBuildProjectFiles) = preSolution
		GeoViewRegistrar.Shared\GeoViewRegistrar.Shared.projitems*{07fdff44-155b-44f2-a709-2b9bcad762fe}*SharedItemsImports = 4
		GeoViewRegistrar.Shared\GeoViewRegistrar.Shared.projitems*{b47e5139-2df4-42c8-93f9-da8301b8f9a1}*SharedItemsImports = 13
	EndGlobalSection
	GlobalSection(SolutionConfigurationPlatforms) = preSolution
		Debug|Any CPU = Debug|Any CPU
		Debug|ARM = Debug|ARM
		Debug|ARM64 = Debug|ARM64
		Debug|x64 = Debug|x64
		Debug|x86 = Debug|x86
		Release|Any CPU = Release|Any CPU
		Release|ARM = Release|ARM
		Release|ARM64 = Release|ARM64
		Release|x64 = Release|x64
		Release|x86 = Release|x86
	EndGlobalSection
	GlobalSection(ProjectConfigurationPlatforms) = postSolution
		{07FDFF44-155B-44F2-A709-2B9BCAD762FE}.Debug|Any CPU.ActiveCfg = Debug|Any CPU
		{07FDFF44-155B-44F2-A709-2B9BCAD762FE}.Debug|Any CPU.Build.0 = Debug|Any CPU
		{07FDFF44-155B-44F2-A709-2B9BCAD762FE}.Debug|ARM.ActiveCfg = Debug|Any CPU
		{07FDFF44-155B-44F2-A709-2B9BCAD762FE}.Debug|ARM.Build.0 = Debug|Any CPU
		{07FDFF44-155B-44F2-A709-2B9BCAD762FE}.Debug|ARM64.ActiveCfg = Debug|Any CPU
		{07FDFF44-155B-44F2-A709-2B9BCAD762FE}.Debug|ARM64.Build.0 = Debug|Any CPU
		{07FDFF44-155B-44F2-A709-2B9BCAD762FE}.Debug|x64.ActiveCfg = Debug|Any CPU
		{07FDFF44-155B-44F2-A709-2B9BCAD762FE}.Debug|x64.Build.0 = Debug|Any CPU
		{07FDFF44-155B-44F2-A709-2B9BCAD762FE}.Debug|x86.ActiveCfg = Debug|Any CPU
		{07FDFF44-155B-44F2-A709-2B9BCAD762FE}.Debug|x86.Build.0 = Debug|Any CPU
		{07FDFF44-155B-44F2-A709-2B9BCAD762FE}.Release|Any CPU.ActiveCfg = Release|Any CPU
		{07FDFF44-155B-44F2-A709-2B9BCAD762FE}.Release|Any CPU.Build.0 = Release|Any CPU
		{07FDFF44-155B-44F2-A709-2B9BCAD762FE}.Release|ARM.ActiveCfg = Release|Any CPU
		{07FDFF44-155B-44F2-A709-2B9BCAD762FE}.Release|ARM.Build.0 = Release|Any CPU
		{07FDFF44-155B-44F2-A709-2B9BCAD762FE}.Release|ARM64.ActiveCfg = Release|Any CPU
		{07FDFF44-155B-44F2-A709-2B9BCAD762FE}.Release|ARM64.Build.0 = Release|Any CPU
		{07FDFF44-155B-44F2-A709-2B9BCAD762FE}.Release|x64.ActiveCfg = Release|Any CPU
		{07FDFF44-155B-44F2-A709-2B9BCAD762FE}.Release|x64.Build.0 = Release|Any CPU
		{07FDFF44-155B-44F2-A709-2B9BCAD762FE}.Release|x86.ActiveCfg = Release|Any CPU
		{07FDFF44-155B-44F2-A709-2B9BCAD762FE}.Release|x86.Build.0 = Release|Any CPU
		{5498F00E-2C69-4C2A-A545-A7FDA794B2D3}.Debug|Any CPU.ActiveCfg = Debug|x86
		{5498F00E-2C69-4C2A-A545-A7FDA794B2D3}.Debug|ARM.ActiveCfg = Debug|ARM
		{5498F00E-2C69-4C2A-A545-A7FDA794B2D3}.Debug|ARM.Build.0 = Debug|ARM
		{5498F00E-2C69-4C2A-A545-A7FDA794B2D3}.Debug|ARM.Deploy.0 = Debug|ARM
		{5498F00E-2C69-4C2A-A545-A7FDA794B2D3}.Debug|ARM64.ActiveCfg = Debug|ARM64
		{5498F00E-2C69-4C2A-A545-A7FDA794B2D3}.Debug|ARM64.Build.0 = Debug|ARM64
		{5498F00E-2C69-4C2A-A545-A7FDA794B2D3}.Debug|ARM64.Deploy.0 = Debug|ARM64
		{5498F00E-2C69-4C2A-A545-A7FDA794B2D3}.Debug|x64.ActiveCfg = Debug|x64
		{5498F00E-2C69-4C2A-A545-A7FDA794B2D3}.Debug|x64.Build.0 = Debug|x64
		{5498F00E-2C69-4C2A-A545-A7FDA794B2D3}.Debug|x64.Deploy.0 = Debug|x64
		{5498F00E-2C69-4C2A-A545-A7FDA794B2D3}.Debug|x86.ActiveCfg = Debug|x86
		{5498F00E-2C69-4C2A-A545-A7FDA794B2D3}.Debug|x86.Build.0 = Debug|x86
		{5498F00E-2C69-4C2A-A545-A7FDA794B2D3}.Debug|x86.Deploy.0 = Debug|x86
		{5498F00E-2C69-4C2A-A545-A7FDA794B2D3}.Release|Any CPU.ActiveCfg = Release|x86
		{5498F00E-2C69-4C2A-A545-A7FDA794B2D3}.Release|ARM.ActiveCfg = Release|ARM
		{5498F00E-2C69-4C2A-A545-A7FDA794B2D3}.Release|ARM.Build.0 = Release|ARM
		{5498F00E-2C69-4C2A-A545-A7FDA794B2D3}.Release|ARM.Deploy.0 = Release|ARM
		{5498F00E-2C69-4C2A-A545-A7FDA794B2D3}.Release|ARM64.ActiveCfg = Release|ARM64
		{5498F00E-2C69-4C2A-A545-A7FDA794B2D3}.Release|ARM64.Build.0 = Release|ARM64
		{5498F00E-2C69-4C2A-A545-A7FDA794B2D3}.Release|ARM64.Deploy.0 = Release|ARM64
		{5498F00E-2C69-4C2A-A545-A7FDA794B2D3}.Release|x64.ActiveCfg = Release|x64
		{5498F00E-2C69-4C2A-A545-A7FDA794B2D3}.Release|x64.Build.0 = Release|x64
		{5498F00E-2C69-4C2A-A545-A7FDA794B2D3}.Release|x64.Deploy.0 = Release|x64
		{5498F00E-2C69-4C2A-A545-A7FDA794B2D3}.Release|x86.ActiveCfg = Release|x86
		{5498F00E-2C69-4C2A-A545-A7FDA794B2D3}.Release|x86.Build.0 = Release|x86
		{5498F00E-2C69-4C2A-A545-A7FDA794B2D3}.Release|x86.Deploy.0 = Release|x86
	EndGlobalSection
	GlobalSection(SolutionProperties) = preSolution
		HideSolutionNode = FALSE
	EndGlobalSection
	GlobalSection(ExtensibilityGlobals) = postSolution
		SolutionGuid = {94097C85-F4AE-40D7-89AE-3F0C990E5236}
	EndGlobalSection
EndGlobal
